
Microsoft Visual Studio Solution File, Format Version 12.00
# Visual Studio Version 16
VisualStudioVersion = 16.0.31515.178
MinimumVisualStudioVersion = 10.0.40219.1
Project("{FAE04EC0-301F-11D3-BF4B-00C04F79EFBC}") = "KafeinPortal.Data.Model", "KafeinPortal.Data.Model\KafeinPortal.Data.Model.csproj", "{CBAF6646-F6D3-41F3-835C-7911CB248C1D}"
EndProject
Project("{FAE04EC0-301F-11D3-BF4B-00C04F79EFBC}") = "KafeinPortal.Data", "KafeinPortal.Data\KafeinPortal.Data.csproj", "{72413EA2-5C0E-4ED3-9107-18B1954DA0FE}"
EndProject
Project("{FAE04EC0-301F-11D3-BF4B-00C04F79EFBC}") = "KafeinPortal.Core", "KafeinPortal.Core\KafeinPortal.Core.csproj", "{3F4785E7-C568-4A3C-9DA9-305CCCAFB46A}"
EndProject
Global
	GlobalSection(SolutionConfigurationPlatforms) = preSolution
		Debug|Any CPU = Debug|Any CPU
		Release|Any CPU = Release|Any CPU
	EndGlobalSection
	GlobalSection(ProjectConfigurationPlatforms) = postSolution
		{CBAF6646-F6D3-41F3-835C-7911CB248C1D}.Debug|Any CPU.ActiveCfg = Debug|Any CPU
		{CBAF6646-F6D3-41F3-835C-7911CB248C1D}.Debug|Any CPU.Build.0 = Debug|Any CPU
		{CBAF6646-F6D3-41F3-835C-7911CB248C1D}.Release|Any CPU.ActiveCfg = Release|Any CPU
		{CBAF6646-F6D3-41F3-835C-7911CB248C1D}.Release|Any CPU.Build.0 = Release|Any CPU
		{72413EA2-5C0E-4ED3-9107-18B1954DA0FE}.Debug|Any CPU.ActiveCfg = Debug|Any CPU
		{72413EA2-5C0E-4ED3-9107-18B1954DA0FE}.Debug|Any CPU.Build.0 = Debug|Any CPU
		{72413EA2-5C0E-4ED3-9107-18B1954DA0FE}.Release|Any CPU.ActiveCfg = Release|Any CPU
		{72413EA2-5C0E-4ED3-9107-18B1954DA0FE}.Release|Any CPU.Build.0 = Release|Any CPU
		{3F4785E7-C568-4A3C-9DA9-305CCCAFB46A}.Debug|Any CPU.ActiveCfg = Debug|Any CPU
		{3F4785E7-C568-4A3C-9DA9-305CCCAFB46A}.Debug|Any CPU.Build.0 = Debug|Any CPU
		{3F4785E7-C568-4A3C-9DA9-305CCCAFB46A}.Release|Any CPU.ActiveCfg = Release|Any CPU
		{3F4785E7-C568-4A3C-9DA9-305CCCAFB46A}.Release|Any CPU.Build.0 = Release|Any CPU
	EndGlobalSection
	GlobalSection(SolutionProperties) = preSolution
		HideSolutionNode = FALSE
	EndGlobalSection
	GlobalSection(ExtensibilityGlobals) = postSolution
		SolutionGuid = {85BE09DD-1672-49B6-988C-DDFC9355B4D9}
	EndGlobalSection
EndGlobal
